
Microsoft Visual Studio Solution File, Format Version 12.00
Project("{FAE04EC0-301F-11D3-BF4B-00C04F79EFBC}") = "Shapes", "Shapes\Shapes.csproj", "{146E0395-DFEF-4300-9FC9-4AD4C8F60170}"
EndProject
Project("{FAE04EC0-301F-11D3-BF4B-00C04F79EFBC}") = "Shapes.Tests", "Shapes.Tests\Shapes.Tests.csproj", "{C564D9E1-3E20-466D-A45A-371E65EB2FD0}"
EndProject
Global
	GlobalSection(SolutionConfigurationPlatforms) = preSolution
		Debug|Any CPU = Debug|Any CPU
		Release|Any CPU = Release|Any CPU
	EndGlobalSection
	GlobalSection(ProjectConfigurationPlatforms) = postSolution
		{146E0395-DFEF-4300-9FC9-4AD4C8F60170}.Debug|Any CPU.ActiveCfg = Debug|Any CPU
		{146E0395-DFEF-4300-9FC9-4AD4C8F60170}.Debug|Any CPU.Build.0 = Debug|Any CPU
		{146E0395-DFEF-4300-9FC9-4AD4C8F60170}.Release|Any CPU.ActiveCfg = Release|Any CPU
		{146E0395-DFEF-4300-9FC9-4AD4C8F60170}.Release|Any CPU.Build.0 = Release|Any CPU
		{C564D9E1-3E20-466D-A45A-371E65EB2FD0}.Debug|Any CPU.ActiveCfg = Debug|Any CPU
		{C564D9E1-3E20-466D-A45A-371E65EB2FD0}.Debug|Any CPU.Build.0 = Debug|Any CPU
		{C564D9E1-3E20-466D-A45A-371E65EB2FD0}.Release|Any CPU.ActiveCfg = Release|Any CPU
		{C564D9E1-3E20-466D-A45A-371E65EB2FD0}.Release|Any CPU.Build.0 = Release|Any CPU
	EndGlobalSection
EndGlobal
